
Microsoft Visual Studio Solution File, Format Version 12.00
# Visual Studio Version 16
VisualStudioVersion = 16.0.29920.165
MinimumVisualStudioVersion = 10.0.40219.1
Project("{FAE04EC0-301F-11D3-BF4B-00C04F79EFBC}") = "WalkOut", "WalkOut\WalkOut\WalkOut.csproj", "{87D9E325-E961-475B-B1A7-B697329F22C5}"
EndProject
Project("{FAE04EC0-301F-11D3-BF4B-00C04F79EFBC}") = "WalkOut.Android", "WalkOut\WalkOut.Android\WalkOut.Android.csproj", "{70F9361D-B224-416B-985C-1EC919759B10}"
EndProject
Global
	GlobalSection(SolutionConfigurationPlatforms) = preSolution
		Debug|Any CPU = Debug|Any CPU
		Release|Any CPU = Release|Any CPU
	EndGlobalSection
	GlobalSection(ProjectConfigurationPlatforms) = postSolution
		{87D9E325-E961-475B-B1A7-B697329F22C5}.Debug|Any CPU.ActiveCfg = Debug|Any CPU
		{87D9E325-E961-475B-B1A7-B697329F22C5}.Debug|Any CPU.Build.0 = Debug|Any CPU
		{87D9E325-E961-475B-B1A7-B697329F22C5}.Release|Any CPU.ActiveCfg = Release|Any CPU
		{87D9E325-E961-475B-B1A7-B697329F22C5}.Release|Any CPU.Build.0 = Release|Any CPU
		{70F9361D-B224-416B-985C-1EC919759B10}.Debug|Any CPU.ActiveCfg = Debug|Any CPU
		{70F9361D-B224-416B-985C-1EC919759B10}.Debug|Any CPU.Build.0 = Debug|Any CPU
		{70F9361D-B224-416B-985C-1EC919759B10}.Debug|Any CPU.Deploy.0 = Debug|Any CPU
		{70F9361D-B224-416B-985C-1EC919759B10}.Release|Any CPU.ActiveCfg = Release|Any CPU
		{70F9361D-B224-416B-985C-1EC919759B10}.Release|Any CPU.Build.0 = Release|Any CPU
		{70F9361D-B224-416B-985C-1EC919759B10}.Release|Any CPU.Deploy.0 = Release|Any CPU
	EndGlobalSection
	GlobalSection(SolutionProperties) = preSolution
		HideSolutionNode = FALSE
	EndGlobalSection
	GlobalSection(ExtensibilityGlobals) = postSolution
		SolutionGuid = {13C0AFB5-78EB-423D-B502-3CEABCB4457D}
	EndGlobalSection
EndGlobal
